
Microsoft Visual Studio Solution File, Format Version 12.00
# Visual Studio Version 17
VisualStudioVersion = 17.5.33516.290
MinimumVisualStudioVersion = 10.0.40219.1
Project("{FAE04EC0-301F-11D3-BF4B-00C04F79EFBC}") = "MissionAPI", "MissionAPI.csproj", "{6B91F066-1C1B-4A5C-909A-5890ED625093}"
EndProject
Global
	GlobalSection(SolutionConfigurationPlatforms) = preSolution
		Debug|Any CPU = Debug|Any CPU
		Release|Any CPU = Release|Any CPU
	EndGlobalSection
	GlobalSection(ProjectConfigurationPlatforms) = postSolution
		{6B91F066-1C1B-4A5C-909A-5890ED625093}.Debug|Any CPU.ActiveCfg = Debug|Any CPU
		{6B91F066-1C1B-4A5C-909A-5890ED625093}.Debug|Any CPU.Build.0 = Debug|Any CPU
		{6B91F066-1C1B-4A5C-909A-5890ED625093}.Release|Any CPU.ActiveCfg = Release|Any CPU
		{6B91F066-1C1B-4A5C-909A-5890ED625093}.Release|Any CPU.Build.0 = Release|Any CPU
	EndGlobalSection
	GlobalSection(SolutionProperties) = preSolution
		HideSolutionNode = FALSE
	EndGlobalSection
	GlobalSection(ExtensibilityGlobals) = postSolution
		SolutionGuid = {826D29FE-9627-4A95-A507-822A6069B2DD}
	EndGlobalSection
EndGlobal
